# This file is automatically @generated by Cargo.
# It is not intended for manual editing.
[[package]]
name = "deunicode"
version = "1.1.1"
source = "registry+https://github.com/rust-lang/crates.io-index"
checksum = "80115a2dfde04491e181c2440a39e4be26e52d9ca4e92bed213f65b94e0b8db1"

[[package]]
name = "lexical-sort"
version = "0.1.0"
dependencies = [
 "deunicode",
]
